
Microsoft Visual Studio Solution File, Format Version 12.00
# Visual Studio Version 17
VisualStudioVersion = 17.12.35506.116 d17.12
MinimumVisualStudioVersion = 10.0.40219.1
Project("{FAE04EC0-301F-11D3-BF4B-00C04F79EFBC}") = "AccountCommonLib", "AccountCommonLib\AccountCommonLib.csproj", "{5AF39718-4D29-47DC-B4C8-CEB3839DFB73}"
EndProject
Project("{FAE04EC0-301F-11D3-BF4B-00C04F79EFBC}") = "CustomExceptionHanlderApp", "CustomExceptionHanlderApp\CustomExceptionHanlderApp.csproj", "{A8E49A5F-79FA-493D-97AC-269FD34EFE47}"
EndProject
Global
	GlobalSection(SolutionConfigurationPlatforms) = preSolution
		Debug|Any CPU = Debug|Any CPU
		Release|Any CPU = Release|Any CPU
	EndGlobalSection
	GlobalSection(ProjectConfigurationPlatforms) = postSolution
		{5AF39718-4D29-47DC-B4C8-CEB3839DFB73}.Debug|Any CPU.ActiveCfg = Debug|Any CPU
		{5AF39718-4D29-47DC-B4C8-CEB3839DFB73}.Debug|Any CPU.Build.0 = Debug|Any CPU
		{5AF39718-4D29-47DC-B4C8-CEB3839DFB73}.Release|Any CPU.ActiveCfg = Release|Any CPU
		{5AF39718-4D29-47DC-B4C8-CEB3839DFB73}.Release|Any CPU.Build.0 = Release|Any CPU
		{A8E49A5F-79FA-493D-97AC-269FD34EFE47}.Debug|Any CPU.ActiveCfg = Debug|Any CPU
		{A8E49A5F-79FA-493D-97AC-269FD34EFE47}.Debug|Any CPU.Build.0 = Debug|Any CPU
		{A8E49A5F-79FA-493D-97AC-269FD34EFE47}.Release|Any CPU.ActiveCfg = Release|Any CPU
		{A8E49A5F-79FA-493D-97AC-269FD34EFE47}.Release|Any CPU.Build.0 = Release|Any CPU
	EndGlobalSection
	GlobalSection(SolutionProperties) = preSolution
		HideSolutionNode = FALSE
	EndGlobalSection
EndGlobal
