
Microsoft Visual Studio Solution File, Format Version 12.00
# Visual Studio Version 17
VisualStudioVersion = 17.12.35506.116 d17.12
MinimumVisualStudioVersion = 10.0.40219.1
Project("{FAE04EC0-301F-11D3-BF4B-00C04F79EFBC}") = "CustomerCommonLib", "CustomerCommonLib\CustomerCommonLib.csproj", "{D112FBAE-421A-4257-BE94-BEEBEA4286E8}"
EndProject
Project("{FAE04EC0-301F-11D3-BF4B-00C04F79EFBC}") = "SerializationApp", "SerializationApp\SerializationApp.csproj", "{7EF36003-D0CA-448C-A77F-9B689915D235}"
EndProject
Project("{FAE04EC0-301F-11D3-BF4B-00C04F79EFBC}") = "DeserializaitonApp", "DeserializaitonApp\DeserializaitonApp.csproj", "{2B444B54-2393-4E0F-9ED3-F251F8E6947B}"
EndProject
Global
	GlobalSection(SolutionConfigurationPlatforms) = preSolution
		Debug|Any CPU = Debug|Any CPU
		Release|Any CPU = Release|Any CPU
	EndGlobalSection
	GlobalSection(ProjectConfigurationPlatforms) = postSolution
		{D112FBAE-421A-4257-BE94-BEEBEA4286E8}.Debug|Any CPU.ActiveCfg = Debug|Any CPU
		{D112FBAE-421A-4257-BE94-BEEBEA4286E8}.Debug|Any CPU.Build.0 = Debug|Any CPU
		{D112FBAE-421A-4257-BE94-BEEBEA4286E8}.Release|Any CPU.ActiveCfg = Release|Any CPU
		{D112FBAE-421A-4257-BE94-BEEBEA4286E8}.Release|Any CPU.Build.0 = Release|Any CPU
		{7EF36003-D0CA-448C-A77F-9B689915D235}.Debug|Any CPU.ActiveCfg = Debug|Any CPU
		{7EF36003-D0CA-448C-A77F-9B689915D235}.Debug|Any CPU.Build.0 = Debug|Any CPU
		{7EF36003-D0CA-448C-A77F-9B689915D235}.Release|Any CPU.ActiveCfg = Release|Any CPU
		{7EF36003-D0CA-448C-A77F-9B689915D235}.Release|Any CPU.Build.0 = Release|Any CPU
		{2B444B54-2393-4E0F-9ED3-F251F8E6947B}.Debug|Any CPU.ActiveCfg = Debug|Any CPU
		{2B444B54-2393-4E0F-9ED3-F251F8E6947B}.Debug|Any CPU.Build.0 = Debug|Any CPU
		{2B444B54-2393-4E0F-9ED3-F251F8E6947B}.Release|Any CPU.ActiveCfg = Release|Any CPU
		{2B444B54-2393-4E0F-9ED3-F251F8E6947B}.Release|Any CPU.Build.0 = Release|Any CPU
	EndGlobalSection
	GlobalSection(SolutionProperties) = preSolution
		HideSolutionNode = FALSE
	EndGlobalSection
EndGlobal
